
Microsoft Visual Studio Solution File, Format Version 12.00
Project("{2150E333-8FDC-42A3-9474-1A3956D46DE8}") = "src", "src", "{1B482F76-6F24-439D-9DC4-6E8F851B9006}"
EndProject
Project("{FAE04EC0-301F-11D3-BF4B-00C04F79EFBC}") = "AnimalTrack.WebApi", "src\AnimalTrack.WebApi\AnimalTrack.WebApi.csproj", "{0137A1FE-4B49-4869-B9F9-9A5899C73197}"
EndProject
Project("{FAE04EC0-301F-11D3-BF4B-00C04F79EFBC}") = "AnimalTrack.Repository", "src\AnimalTrack.Repository\AnimalTrack.Repository.csproj", "{8D35D481-5D39-44F2-8020-473A9CD4EC69}"
EndProject
Project("{FAE04EC0-301F-11D3-BF4B-00C04F79EFBC}") = "AnimalTrack.Migrations", "src\AnimalTrack.Migrations\AnimalTrack.Migrations.csproj", "{211EF0FA-3AA7-4D84-9D46-7CDCE1B6F5B2}"
EndProject
Project("{FAE04EC0-301F-11D3-BF4B-00C04F79EFBC}") = "AnimalTrack.Services", "src\AnimalTrack.Services\AnimalTrack.Services.csproj", "{B401EC8D-E9B7-4B66-A4D7-7AE53788FEB8}"
EndProject
Project("{FAE04EC0-301F-11D3-BF4B-00C04F79EFBC}") = "AnimalTrack.ClientModels", "src\AnimalTrack.ClientModels\AnimalTrack.ClientModels.csproj", "{0B46EC3D-38FE-450C-B8F9-F318A52D9C00}"
EndProject
Project("{2150E333-8FDC-42A3-9474-1A3956D46DE8}") = "tests", "tests", "{31D60F5B-BAF0-4628-8816-9E7301E93E08}"
EndProject
Project("{FAE04EC0-301F-11D3-BF4B-00C04F79EFBC}") = "AnimalTrack.WebApi.Tests", "tests\AnimalTrack.WebApi.Tests\AnimalTrack.WebApi.Tests.csproj", "{BBD0AEAC-2E99-464D-8778-68FC0F4E7A83}"
EndProject
Project("{FAE04EC0-301F-11D3-BF4B-00C04F79EFBC}") = "AnimalTrack.Configuration", "src\AnimalTrack.Configuration\AnimalTrack.Configuration.csproj", "{E6734129-34D9-4924-9D6C-D93845F8E825}"
EndProject
Project("{FAE04EC0-301F-11D3-BF4B-00C04F79EFBC}") = "AnimalTrack.WebApi.Fixtures", "tests\AnimalTrack.WebApi.Fixtures\AnimalTrack.WebApi.Fixtures.csproj", "{343890B0-A364-4D78-A85D-F9036FF716E5}"
EndProject
Project("{FAE04EC0-301F-11D3-BF4B-00C04F79EFBC}") = "AnimalTrack.Service.Tests", "tests\AnimalTrack.Service.Tests\AnimalTrack.Service.Tests.csproj", "{ACFDFB54-2E2F-48CF-B231-10B07A3103E7}"
EndProject
Project("{2150E333-8FDC-42A3-9474-1A3956D46DE8}") = "benchmarks", "benchmarks", "{F13F00C6-B3AB-44C7-9C3C-3AC29FBD6B18}"
EndProject
Global
	GlobalSection(SolutionConfigurationPlatforms) = preSolution
		Debug|Any CPU = Debug|Any CPU
		Release|Any CPU = Release|Any CPU
	EndGlobalSection
	GlobalSection(NestedProjects) = preSolution
		{0137A1FE-4B49-4869-B9F9-9A5899C73197} = {1B482F76-6F24-439D-9DC4-6E8F851B9006}
		{8D35D481-5D39-44F2-8020-473A9CD4EC69} = {1B482F76-6F24-439D-9DC4-6E8F851B9006}
		{211EF0FA-3AA7-4D84-9D46-7CDCE1B6F5B2} = {1B482F76-6F24-439D-9DC4-6E8F851B9006}
		{B401EC8D-E9B7-4B66-A4D7-7AE53788FEB8} = {1B482F76-6F24-439D-9DC4-6E8F851B9006}
		{0B46EC3D-38FE-450C-B8F9-F318A52D9C00} = {1B482F76-6F24-439D-9DC4-6E8F851B9006}
		{BBD0AEAC-2E99-464D-8778-68FC0F4E7A83} = {31D60F5B-BAF0-4628-8816-9E7301E93E08}
		{E6734129-34D9-4924-9D6C-D93845F8E825} = {1B482F76-6F24-439D-9DC4-6E8F851B9006}
		{343890B0-A364-4D78-A85D-F9036FF716E5} = {31D60F5B-BAF0-4628-8816-9E7301E93E08}
		{ACFDFB54-2E2F-48CF-B231-10B07A3103E7} = {31D60F5B-BAF0-4628-8816-9E7301E93E08}
	EndGlobalSection
	GlobalSection(ProjectConfigurationPlatforms) = postSolution
		{0137A1FE-4B49-4869-B9F9-9A5899C73197}.Debug|Any CPU.ActiveCfg = Debug|Any CPU
		{0137A1FE-4B49-4869-B9F9-9A5899C73197}.Debug|Any CPU.Build.0 = Debug|Any CPU
		{0137A1FE-4B49-4869-B9F9-9A5899C73197}.Release|Any CPU.ActiveCfg = Release|Any CPU
		{0137A1FE-4B49-4869-B9F9-9A5899C73197}.Release|Any CPU.Build.0 = Release|Any CPU
		{8D35D481-5D39-44F2-8020-473A9CD4EC69}.Debug|Any CPU.ActiveCfg = Debug|Any CPU
		{8D35D481-5D39-44F2-8020-473A9CD4EC69}.Debug|Any CPU.Build.0 = Debug|Any CPU
		{8D35D481-5D39-44F2-8020-473A9CD4EC69}.Release|Any CPU.ActiveCfg = Release|Any CPU
		{8D35D481-5D39-44F2-8020-473A9CD4EC69}.Release|Any CPU.Build.0 = Release|Any CPU
		{211EF0FA-3AA7-4D84-9D46-7CDCE1B6F5B2}.Debug|Any CPU.ActiveCfg = Debug|Any CPU
		{211EF0FA-3AA7-4D84-9D46-7CDCE1B6F5B2}.Debug|Any CPU.Build.0 = Debug|Any CPU
		{211EF0FA-3AA7-4D84-9D46-7CDCE1B6F5B2}.Release|Any CPU.ActiveCfg = Release|Any CPU
		{211EF0FA-3AA7-4D84-9D46-7CDCE1B6F5B2}.Release|Any CPU.Build.0 = Release|Any CPU
		{B401EC8D-E9B7-4B66-A4D7-7AE53788FEB8}.Debug|Any CPU.ActiveCfg = Debug|Any CPU
		{B401EC8D-E9B7-4B66-A4D7-7AE53788FEB8}.Debug|Any CPU.Build.0 = Debug|Any CPU
		{B401EC8D-E9B7-4B66-A4D7-7AE53788FEB8}.Release|Any CPU.ActiveCfg = Release|Any CPU
		{B401EC8D-E9B7-4B66-A4D7-7AE53788FEB8}.Release|Any CPU.Build.0 = Release|Any CPU
		{0B46EC3D-38FE-450C-B8F9-F318A52D9C00}.Debug|Any CPU.ActiveCfg = Debug|Any CPU
		{0B46EC3D-38FE-450C-B8F9-F318A52D9C00}.Debug|Any CPU.Build.0 = Debug|Any CPU
		{0B46EC3D-38FE-450C-B8F9-F318A52D9C00}.Release|Any CPU.ActiveCfg = Release|Any CPU
		{0B46EC3D-38FE-450C-B8F9-F318A52D9C00}.Release|Any CPU.Build.0 = Release|Any CPU
		{BBD0AEAC-2E99-464D-8778-68FC0F4E7A83}.Debug|Any CPU.ActiveCfg = Debug|Any CPU
		{BBD0AEAC-2E99-464D-8778-68FC0F4E7A83}.Debug|Any CPU.Build.0 = Debug|Any CPU
		{BBD0AEAC-2E99-464D-8778-68FC0F4E7A83}.Release|Any CPU.ActiveCfg = Release|Any CPU
		{BBD0AEAC-2E99-464D-8778-68FC0F4E7A83}.Release|Any CPU.Build.0 = Release|Any CPU
		{E6734129-34D9-4924-9D6C-D93845F8E825}.Debug|Any CPU.ActiveCfg = Debug|Any CPU
		{E6734129-34D9-4924-9D6C-D93845F8E825}.Debug|Any CPU.Build.0 = Debug|Any CPU
		{E6734129-34D9-4924-9D6C-D93845F8E825}.Release|Any CPU.ActiveCfg = Release|Any CPU
		{E6734129-34D9-4924-9D6C-D93845F8E825}.Release|Any CPU.Build.0 = Release|Any CPU
		{343890B0-A364-4D78-A85D-F9036FF716E5}.Debug|Any CPU.ActiveCfg = Debug|Any CPU
		{343890B0-A364-4D78-A85D-F9036FF716E5}.Debug|Any CPU.Build.0 = Debug|Any CPU
		{343890B0-A364-4D78-A85D-F9036FF716E5}.Release|Any CPU.ActiveCfg = Release|Any CPU
		{343890B0-A364-4D78-A85D-F9036FF716E5}.Release|Any CPU.Build.0 = Release|Any CPU
		{ACFDFB54-2E2F-48CF-B231-10B07A3103E7}.Debug|Any CPU.ActiveCfg = Debug|Any CPU
		{ACFDFB54-2E2F-48CF-B231-10B07A3103E7}.Debug|Any CPU.Build.0 = Debug|Any CPU
		{ACFDFB54-2E2F-48CF-B231-10B07A3103E7}.Release|Any CPU.ActiveCfg = Release|Any CPU
		{ACFDFB54-2E2F-48CF-B231-10B07A3103E7}.Release|Any CPU.Build.0 = Release|Any CPU
	EndGlobalSection
EndGlobal
